
Microsoft Visual Studio Solution File, Format Version 12.00
# Visual Studio Version 16
VisualStudioVersion = 16.0.30002.166
MinimumVisualStudioVersion = 10.0.40219.1
Project("{F2A71F9B-5D33-465A-A702-920D77279786}") = "pz9", "pz9.fsproj", "{ACB769A8-1CCF-4EC1-8824-98521E08EFA8}"
EndProject
Global
	GlobalSection(SolutionConfigurationPlatforms) = preSolution
		Debug|Any CPU = Debug|Any CPU
		Release|Any CPU = Release|Any CPU
	EndGlobalSection
	GlobalSection(ProjectConfigurationPlatforms) = postSolution
		{ACB769A8-1CCF-4EC1-8824-98521E08EFA8}.Debug|Any CPU.ActiveCfg = Debug|Any CPU
		{ACB769A8-1CCF-4EC1-8824-98521E08EFA8}.Debug|Any CPU.Build.0 = Debug|Any CPU
		{ACB769A8-1CCF-4EC1-8824-98521E08EFA8}.Release|Any CPU.ActiveCfg = Release|Any CPU
		{ACB769A8-1CCF-4EC1-8824-98521E08EFA8}.Release|Any CPU.Build.0 = Release|Any CPU
	EndGlobalSection
	GlobalSection(SolutionProperties) = preSolution
		HideSolutionNode = FALSE
	EndGlobalSection
	GlobalSection(ExtensibilityGlobals) = postSolution
		SolutionGuid = {6B23C9C6-DFA1-480D-9010-5D11E76A801A}
	EndGlobalSection
EndGlobal
