
Microsoft Visual Studio Solution File, Format Version 12.00
# Visual Studio Version 16
VisualStudioVersion = 16.0.30002.166
MinimumVisualStudioVersion = 10.0.40219.1
Project("{F2A71F9B-5D33-465A-A702-920D77279786}") = "iz11", "iz11.fsproj", "{9EF2BB46-08E9-464F-9D8E-A497F3B52EEE}"
EndProject
Global
	GlobalSection(SolutionConfigurationPlatforms) = preSolution
		Debug|Any CPU = Debug|Any CPU
		Release|Any CPU = Release|Any CPU
	EndGlobalSection
	GlobalSection(ProjectConfigurationPlatforms) = postSolution
		{9EF2BB46-08E9-464F-9D8E-A497F3B52EEE}.Debug|Any CPU.ActiveCfg = Debug|Any CPU
		{9EF2BB46-08E9-464F-9D8E-A497F3B52EEE}.Debug|Any CPU.Build.0 = Debug|Any CPU
		{9EF2BB46-08E9-464F-9D8E-A497F3B52EEE}.Release|Any CPU.ActiveCfg = Release|Any CPU
		{9EF2BB46-08E9-464F-9D8E-A497F3B52EEE}.Release|Any CPU.Build.0 = Release|Any CPU
	EndGlobalSection
	GlobalSection(SolutionProperties) = preSolution
		HideSolutionNode = FALSE
	EndGlobalSection
	GlobalSection(ExtensibilityGlobals) = postSolution
		SolutionGuid = {2567ABDF-3CEC-47D4-A9CB-DF9277F4E768}
	EndGlobalSection
EndGlobal
